// !$*UTF8*$!
{
	archiveVersion = 1;
	classes = {
	};
	objectVersion = 46;
	objects = {

/* Begin PBXBuildFile section */
		848D13381F468FE7009C65BE /* main.c in Sources */ = {isa = PBXBuildFile; fileRef = 848D13371F468FE7009C65BE /* main.c */; };
		848D13451F46901F009C65BE /* main.c in Sources */ = {isa = PBXBuildFile; fileRef = 848D13441F46901F009C65BE /* main.c */; };
/* End PBXBuildFile section */

/* Begin PBXCopyFilesBuildPhase section */
		848D13321F468FE7009C65BE /* CopyFiles */ = {
			isa = PBXCopyFilesBuildPhase;
			buildActionMask = 2147483647;
			dstPath = /usr/share/man/man1/;
			dstSubfolderSpec = 0;
			files = (
			);
			runOnlyForDeploymentPostprocessing = 1;
		};
		848D13401F46901F009C65BE /* CopyFiles */ = {
			isa = PBXCopyFilesBuildPhase;
			buildActionMask = 2147483647;
			dstPath = /usr/share/man/man1/;
			dstSubfolderSpec = 0;
			files = (
			);
			runOnlyForDeploymentPostprocessing = 1;
		};
/* End PBXCopyFilesBuildPhase section */

/* Begin PBXFileReference section */
		848D13341F468FE7009C65BE /* 算法题 */ = {isa = PBXFileReference; explicitFileType = "compiled.mach-o.executable"; includeInIndex = 0; path = "算法题"; sourceTree = BUILT_PRODUCTS_DIR; };
		848D13371F468FE7009C65BE /* main.c */ = {isa = PBXFileReference; lastKnownFileType = sourcecode.c.c; path = main.c; sourceTree = "<group>"; };
		848D13421F46901F009C65BE /* UpStairs */ = {isa = PBXFileReference; explicitFileType = "compiled.mach-o.executable"; includeInIndex = 0; path = UpStairs; sourceTree = BUILT_PRODUCTS_DIR; };
		848D13441F46901F009C65BE /* main.c */ = {isa = PBXFileReference; lastKnownFileType = sourcecode.c.c; path = main.c; sourceTree = "<group>"; };
/* End PBXFileReference section */

/* Begin PBXFrameworksBuildPhase section */
		848D13311F468FE7009C65BE /* Frameworks */ = {
			isa = PBXFrameworksBuildPhase;
			buildActionMask = 2147483647;
			files = (
			);
			runOnlyForDeploymentPostprocessing = 0;
		};
		848D133F1F46901F009C65BE /* Frameworks */ = {
			isa = PBXFrameworksBuildPhase;
			buildActionMask = 2147483647;
			files = (
			);
			runOnlyForDeploymentPostprocessing = 0;
		};
/* End PBXFrameworksBuildPhase section */

/* Begin PBXGroup section */
		848D132B1F468FE7009C65BE = {
			isa = PBXGroup;
			children = (
				848D13361F468FE7009C65BE /* 算法题 */,
				848D13431F46901F009C65BE /* UpStairs */,
				848D13351F468FE7009C65BE /* Products */,
			);
			sourceTree = "<group>";
		};
		848D13351F468FE7009C65BE /* Products */ = {
			isa = PBXGroup;
			children = (
				848D13341F468FE7009C65BE /* 算法题 */,
				848D13421F46901F009C65BE /* UpStairs */,
			);
			name = Products;
			sourceTree = "<group>";
		};
		848D13361F468FE7009C65BE /* 算法题 */ = {
			isa = PBXGroup;
			children = (
				848D13371F468FE7009C65BE /* main.c */,
			);
			path = "算法题";
			sourceTree = "<group>";
		};
		848D13431F46901F009C65BE /* UpStairs */ = {
			isa = PBXGroup;
			children = (
				848D13441F46901F009C65BE /* main.c */,
			);
			path = UpStairs;
			sourceTree = "<group>";
		};
/* End PBXGroup section */

/* Begin PBXNativeTarget section */
		848D13331F468FE7009C65BE /* 算法题 */ = {
			isa = PBXNativeTarget;
			buildConfigurationList = 848D133B1F468FE8009C65BE /* Build configuration list for PBXNativeTarget "算法题" */;
			buildPhases = (
				848D13301F468FE7009C65BE /* Sources */,
				848D13311F468FE7009C65BE /* Frameworks */,
				848D13321F468FE7009C65BE /* CopyFiles */,
			);
			buildRules = (
			);
			dependencies = (
			);
			name = "算法题";
			productName = "算法题";
			productReference = 848D13341F468FE7009C65BE /* 算法题 */;
			productType = "com.apple.product-type.tool";
		};
		848D13411F46901F009C65BE /* UpStairs */ = {
			isa = PBXNativeTarget;
			buildConfigurationList = 848D13461F46901F009C65BE /* Build configuration list for PBXNativeTarget "UpStairs" */;
			buildPhases = (
				848D133E1F46901F009C65BE /* Sources */,
				848D133F1F46901F009C65BE /* Frameworks */,
				848D13401F46901F009C65BE /* CopyFiles */,
			);
			buildRules = (
			);
			dependencies = (
			);
			name = UpStairs;
			productName = UpStairs;
			productReference = 848D13421F46901F009C65BE /* UpStairs */;
			productType = "com.apple.product-type.tool";
		};
/* End PBXNativeTarget section */

/* Begin PBXProject section */
		848D132C1F468FE7009C65BE /* Project object */ = {
			isa = PBXProject;
			attributes = {
				LastUpgradeCheck = 0800;
				ORGANIZATIONNAME = gcg;
				TargetAttributes = {
					848D13331F468FE7009C65BE = {
						CreatedOnToolsVersion = 8.0;
						ProvisioningStyle = Automatic;
					};
					848D13411F46901F009C65BE = {
						CreatedOnToolsVersion = 8.0;
						ProvisioningStyle = Automatic;
					};
				};
			};
			buildConfigurationList = 848D132F1F468FE7009C65BE /* Build configuration list for PBXProject "算法题" */;
			compatibilityVersion = "Xcode 3.2";
			developmentRegion = English;
			hasScannedForEncodings = 0;
			knownRegions = (
				en,
			);
			mainGroup = 848D132B1F468FE7009C65BE;
			productRefGroup = 848D13351F468FE7009C65BE /* Products */;
			projectDirPath = "";
			projectRoot = "";
			targets = (
				848D13331F468FE7009C65BE /* 算法题 */,
				848D13411F46901F009C65BE /* UpStairs */,
			);
		};
/* End PBXProject section */

/* Begin PBXSourcesBuildPhase section */
		848D13301F468FE7009C65BE /* Sources */ = {
			isa = PBXSourcesBuildPhase;
			buildActionMask = 2147483647;
			files = (
				848D13381F468FE7009C65BE /* main.c in Sources */,
			);
			runOnlyForDeploymentPostprocessing = 0;
		};
		848D133E1F46901F009C65BE /* Sources */ = {
			isa = PBXSourcesBuildPhase;
			buildActionMask = 2147483647;
			files = (
				848D13451F46901F009C65BE /* main.c in Sources */,
			);
			runOnlyForDeploymentPostprocessing = 0;
		};
/* End PBXSourcesBuildPhase section */

/* Begin XCBuildConfiguration section */
		848D13391F468FE8009C65BE /* Debug */ = {
			isa = XCBuildConfiguration;
			buildSettings = {
				ALWAYS_SEARCH_USER_PATHS = NO;
				CLANG_ANALYZER_NONNULL = YES;
				CLANG_CXX_LANGUAGE_STANDARD = "gnu++0x";
				CLANG_CXX_LIBRARY = "libc++";
				CLANG_ENABLE_MODULES = YES;
				CLANG_ENABLE_OBJC_ARC = YES;
				CLANG_WARN_BOOL_CONVERSION = YES;
				CLANG_WARN_CONSTANT_CONVERSION = YES;
				CLANG_WARN_DIRECT_OBJC_ISA_USAGE = YES_ERROR;
				CLANG_WARN_DOCUMENTATION_COMMENTS = YES;
				CLANG_WARN_EMPTY_BODY = YES;
				CLANG_WARN_ENUM_CONVERSION = YES;
				CLANG_WARN_INFINITE_RECURSION = YES;
				CLANG_WARN_INT_CONVERSION = YES;
				CLANG_WARN_OBJC_ROOT_CLASS = YES_ERROR;
				CLANG_WARN_SUSPICIOUS_MOVES = YES;
				CLANG_WARN_UNREACHABLE_CODE = YES;
				CLANG_WARN__DUPLICATE_METHOD_MATCH = YES;
				CODE_SIGN_IDENTITY = "-";
				COPY_PHASE_STRIP = NO;
				DEBUG_INFORMATION_FORMAT = dwarf;
				ENABLE_STRICT_OBJC_MSGSEND = YES;
				ENABLE_TESTABILITY = YES;
				GCC_C_LANGUAGE_STANDARD = gnu99;
				GCC_DYNAMIC_NO_PIC = NO;
				GCC_NO_COMMON_BLOCKS = YES;
				GCC_OPTIMIZATION_LEVEL = 0;
				GCC_PREPROCESSOR_DEFINITIONS = (
					"DEBUG=1",
					"$(inherited)",
				);
				GCC_WARN_64_TO_32_BIT_CONVERSION = YES;
				GCC_WARN_ABOUT_RETURN_TYPE = YES_ERROR;
				GCC_WARN_UNDECLARED_SELECTOR = YES;
				GCC_WARN_UNINITIALIZED_AUTOS = YES_AGGRESSIVE;
				GCC_WARN_UNUSED_FUNCTION = YES;
				GCC_WARN_UNUSED_VARIABLE = YES;
				MACOSX_DEPLOYMENT_TARGET = 10.12;
				MTL_ENABLE_DEBUG_INFO = YES;
				ONLY_ACTIVE_ARCH = YES;
				SDKROOT = macosx;
			};
			name = Debug;
		};
		848D133A1F468FE8009C65BE /* Release */ = {
			isa = XCBuildConfiguration;
			buildSettings = {
				ALWAYS_SEARCH_USER_PATHS = NO;
				CLANG_ANALYZER_NONNULL = YES;
				CLANG_CXX_LANGUAGE_STANDARD = "gnu++0x";
				CLANG_CXX_LIBRARY = "libc++";
				CLANG_ENABLE_MODULES = YES;
				CLANG_ENABLE_OBJC_ARC = YES;
				CLANG_WARN_BOOL_CONVERSION = YES;
				CLANG_WARN_CONSTANT_CONVERSION = YES;
				CLANG_WARN_DIRECT_OBJC_ISA_USAGE = YES_ERROR;
				CLANG_WARN_DOCUMENTATION_COMMENTS = YES;
				CLANG_WARN_EMPTY_BODY = YES;
				CLANG_WARN_ENUM_CONVERSION = YES;
				CLANG_WARN_INFINITE_RECURSION = YES;
				CLANG_WARN_INT_CONVERSION = YES;
				CLANG_WARN_OBJC_ROOT_CLASS = YES_ERROR;
				CLANG_WARN_SUSPICIOUS_MOVES = YES;
				CLANG_WARN_UNREACHABLE_CODE = YES;
				CLANG_WARN__DUPLICATE_METHOD_MATCH = YES;
				CODE_SIGN_IDENTITY = "-";
				COPY_PHASE_STRIP = NO;
				DEBUG_INFORMATION_FORMAT = "dwarf-with-dsym";
				ENABLE_NS_ASSERTIONS = NO;
				ENABLE_STRICT_OBJC_MSGSEND = YES;
				GCC_C_LANGUAGE_STANDARD = gnu99;
				GCC_NO_COMMON_BLOCKS = YES;
				GCC_WARN_64_TO_32_BIT_CONVERSION = YES;
				GCC_WARN_ABOUT_RETURN_TYPE = YES_ERROR;
				GCC_WARN_UNDECLARED_SELECTOR = YES;
				GCC_WARN_UNINITIALIZED_AUTOS = YES_AGGRESSIVE;
				GCC_WARN_UNUSED_FUNCTION = YES;
				GCC_WARN_UNUSED_VARIABLE = YES;
				MACOSX_DEPLOYMENT_TARGET = 10.12;
				MTL_ENABLE_DEBUG_INFO = NO;
				SDKROOT = macosx;
			};
			name = Release;
		};
		848D133C1F468FE8009C65BE /* Debug */ = {
			isa = XCBuildConfiguration;
			buildSettings = {
				PRODUCT_NAME = "$(TARGET_NAME)";
			};
			name = Debug;
		};
		848D133D1F468FE8009C65BE /* Release */ = {
			isa = XCBuildConfiguration;
			buildSettings = {
				PRODUCT_NAME = "$(TARGET_NAME)";
			};
			name = Release;
		};
		848D13471F46901F009C65BE /* Debug */ = {
			isa = XCBuildConfiguration;
			buildSettings = {
				PRODUCT_NAME = "$(TARGET_NAME)";
			};
			name = Debug;
		};
		848D13481F46901F009C65BE /* Release */ = {
			isa = XCBuildConfiguration;
			buildSettings = {
				PRODUCT_NAME = "$(TARGET_NAME)";
			};
			name = Release;
		};
/* End XCBuildConfiguration section */

/* Begin XCConfigurationList section */
		848D132F1F468FE7009C65BE /* Build configuration list for PBXProject "算法题" */ = {
			isa = XCConfigurationList;
			buildConfigurations = (
				848D13391F468FE8009C65BE /* Debug */,
				848D133A1F468FE8009C65BE /* Release */,
			);
			defaultConfigurationIsVisible = 0;
			defaultConfigurationName = Release;
		};
		848D133B1F468FE8009C65BE /* Build configuration list for PBXNativeTarget "算法题" */ = {
			isa = XCConfigurationList;
			buildConfigurations = (
				848D133C1F468FE8009C65BE /* Debug */,
				848D133D1F468FE8009C65BE /* Release */,
			);
			defaultConfigurationIsVisible = 0;
		};
		848D13461F46901F009C65BE /* Build configuration list for PBXNativeTarget "UpStairs" */ = {
			isa = XCConfigurationList;
			buildConfigurations = (
				848D13471F46901F009C65BE /* Debug */,
				848D13481F46901F009C65BE /* Release */,
			);
			defaultConfigurationIsVisible = 0;
		};
/* End XCConfigurationList section */
	};
	rootObject = 848D132C1F468FE7009C65BE /* Project object */;
}
